
Microsoft Visual Studio Solution File, Format Version 12.00
# Visual Studio Version 17
VisualStudioVersion = 17.8.34511.84
MinimumVisualStudioVersion = 10.0.40219.1
Project("{FAE04EC0-301F-11D3-BF4B-00C04F79EFBC}") = "WinFormsApp1", "WinFormsApp1\WinFormsApp1.csproj", "{E22C4BBB-4AF8-4DBE-8122-7E3EFE5E4238}"
EndProject
Global
	GlobalSection(SolutionConfigurationPlatforms) = preSolution
		Debug|Any CPU = Debug|Any CPU
		Release|Any CPU = Release|Any CPU
	EndGlobalSection
	GlobalSection(ProjectConfigurationPlatforms) = postSolution
		{E22C4BBB-4AF8-4DBE-8122-7E3EFE5E4238}.Debug|Any CPU.ActiveCfg = Debug|Any CPU
		{E22C4BBB-4AF8-4DBE-8122-7E3EFE5E4238}.Debug|Any CPU.Build.0 = Debug|Any CPU
		{E22C4BBB-4AF8-4DBE-8122-7E3EFE5E4238}.Release|Any CPU.ActiveCfg = Release|Any CPU
		{E22C4BBB-4AF8-4DBE-8122-7E3EFE5E4238}.Release|Any CPU.Build.0 = Release|Any CPU
	EndGlobalSection
	GlobalSection(SolutionProperties) = preSolution
		HideSolutionNode = FALSE
	EndGlobalSection
	GlobalSection(ExtensibilityGlobals) = postSolution
		SolutionGuid = {B5D3AF2A-8BC3-407F-9558-7AD69E27F69E}
	EndGlobalSection
EndGlobal
